// !$*UTF8*$!
{
	archiveVersion = 1;
	classes = {
	};
	objectVersion = 46;
	objects = {

/* Begin PBXBuildFile section */
		D2203E961A1E073800679EBC /* Foundation.framework in Frameworks */ = {isa = PBXBuildFile; fileRef = D2203E951A1E073800679EBC /* Foundation.framework */; };
		D2203E981A1E073800679EBC /* CoreGraphics.framework in Frameworks */ = {isa = PBXBuildFile; fileRef = D2203E971A1E073800679EBC /* CoreGraphics.framework */; };
		D2203E9A1A1E073800679EBC /* UIKit.framework in Frameworks */ = {isa = PBXBuildFile; fileRef = D2203E991A1E073800679EBC /* UIKit.framework */; };
		D2203EA01A1E073800679EBC /* InfoPlist.strings in Resources */ = {isa = PBXBuildFile; fileRef = D2203E9E1A1E073800679EBC /* InfoPlist.strings */; };
		D2203EA21A1E073800679EBC /* main.m in Sources */ = {isa = PBXBuildFile; fileRef = D2203EA11A1E073800679EBC /* main.m */; };
		D2203EA61A1E073800679EBC /* AppDelegate.m in Sources */ = {isa = PBXBuildFile; fileRef = D2203EA51A1E073800679EBC /* AppDelegate.m */; };
		D2203EA91A1E073800679EBC /* Main.storyboard in Resources */ = {isa = PBXBuildFile; fileRef = D2203EA71A1E073800679EBC /* Main.storyboard */; };
		D2203EAC1A1E073800679EBC /* ViewController.m in Sources */ = {isa = PBXBuildFile; fileRef = D2203EAB1A1E073800679EBC /* ViewController.m */; };
		D2203EAE1A1E073800679EBC /* Images.xcassets in Resources */ = {isa = PBXBuildFile; fileRef = D2203EAD1A1E073800679EBC /* Images.xcassets */; };
		D2203EB51A1E073800679EBC /* XCTest.framework in Frameworks */ = {isa = PBXBuildFile; fileRef = D2203EB41A1E073800679EBC /* XCTest.framework */; };
		D2203EB61A1E073800679EBC /* Foundation.framework in Frameworks */ = {isa = PBXBuildFile; fileRef = D2203E951A1E073800679EBC /* Foundation.framework */; };
		D2203EB71A1E073800679EBC /* UIKit.framework in Frameworks */ = {isa = PBXBuildFile; fileRef = D2203E991A1E073800679EBC /* UIKit.framework */; };
		D2203EBF1A1E073800679EBC /* InfoPlist.strings in Resources */ = {isa = PBXBuildFile; fileRef = D2203EBD1A1E073800679EBC /* InfoPlist.strings */; };
		D2203EC11A1E073800679EBC /* MemoHisyoTests.m in Sources */ = {isa = PBXBuildFile; fileRef = D2203EC01A1E073800679EBC /* MemoHisyoTests.m */; };
		D26AE4981A2741000032A2FA /* CalendarView.m in Sources */ = {isa = PBXBuildFile; fileRef = D26AE4971A2741000032A2FA /* CalendarView.m */; };
		D26AE49B1A27414B0032A2FA /* CalenderViewController.m in Sources */ = {isa = PBXBuildFile; fileRef = D26AE49A1A27414B0032A2FA /* CalenderViewController.m */; };
/* End PBXBuildFile section */

/* Begin PBXContainerItemProxy section */
		D2203EB81A1E073800679EBC /* PBXContainerItemProxy */ = {
			isa = PBXContainerItemProxy;
			containerPortal = D2203E8A1A1E073800679EBC /* Project object */;
			proxyType = 1;
			remoteGlobalIDString = D2203E911A1E073800679EBC;
			remoteInfo = MemoHisyo;
		};
/* End PBXContainerItemProxy section */

/* Begin PBXFileReference section */
		D2203E921A1E073800679EBC /* MemoHisyo.app */ = {isa = PBXFileReference; explicitFileType = wrapper.application; includeInIndex = 0; path = MemoHisyo.app; sourceTree = BUILT_PRODUCTS_DIR; };
		D2203E951A1E073800679EBC /* Foundation.framework */ = {isa = PBXFileReference; lastKnownFileType = wrapper.framework; name = Foundation.framework; path = System/Library/Frameworks/Foundation.framework; sourceTree = SDKROOT; };
		D2203E971A1E073800679EBC /* CoreGraphics.framework */ = {isa = PBXFileReference; lastKnownFileType = wrapper.framework; name = CoreGraphics.framework; path = System/Library/Frameworks/CoreGraphics.framework; sourceTree = SDKROOT; };
		D2203E991A1E073800679EBC /* UIKit.framework */ = {isa = PBXFileReference; lastKnownFileType = wrapper.framework; name = UIKit.framework; path = System/Library/Frameworks/UIKit.framework; sourceTree = SDKROOT; };
		D2203E9D1A1E073800679EBC /* MemoHisyo-Info.plist */ = {isa = PBXFileReference; lastKnownFileType = text.plist.xml; path = "MemoHisyo-Info.plist"; sourceTree = "<group>"; };
		D2203E9F1A1E073800679EBC /* en */ = {isa = PBXFileReference; lastKnownFileType = text.plist.strings; name = en; path = en.lproj/InfoPlist.strings; sourceTree = "<group>"; };
		D2203EA11A1E073800679EBC /* main.m */ = {isa = PBXFileReference; lastKnownFileType = sourcecode.c.objc; path = main.m; sourceTree = "<group>"; };
		D2203EA31A1E073800679EBC /* MemoHisyo-Prefix.pch */ = {isa = PBXFileReference; lastKnownFileType = sourcecode.c.h; path = "MemoHisyo-Prefix.pch"; sourceTree = "<group>"; };
		D2203EA41A1E073800679EBC /* AppDelegate.h */ = {isa = PBXFileReference; lastKnownFileType = sourcecode.c.h; path = AppDelegate.h; sourceTree = "<group>"; };
		D2203EA51A1E073800679EBC /* AppDelegate.m */ = {isa = PBXFileReference; lastKnownFileType = sourcecode.c.objc; path = AppDelegate.m; sourceTree = "<group>"; };
		D2203EA81A1E073800679EBC /* Base */ = {isa = PBXFileReference; lastKnownFileType = file.storyboard; name = Base; path = Base.lproj/Main.storyboard; sourceTree = "<group>"; };
		D2203EAA1A1E073800679EBC /* ViewController.h */ = {isa = PBXFileReference; lastKnownFileType = sourcecode.c.h; path = ViewController.h; sourceTree = "<group>"; };
		D2203EAB1A1E073800679EBC /* ViewController.m */ = {isa = PBXFileReference; lastKnownFileType = sourcecode.c.objc; path = ViewController.m; sourceTree = "<group>"; };
		D2203EAD1A1E073800679EBC /* Images.xcassets */ = {isa = PBXFileReference; lastKnownFileType = folder.assetcatalog; path = Images.xcassets; sourceTree = "<group>"; };
		D2203EB31A1E073800679EBC /* MemoHisyoTests.xctest */ = {isa = PBXFileReference; explicitFileType = wrapper.cfbundle; includeInIndex = 0; path = MemoHisyoTests.xctest; sourceTree = BUILT_PRODUCTS_DIR; };
		D2203EB41A1E073800679EBC /* XCTest.framework */ = {isa = PBXFileReference; lastKnownFileType = wrapper.framework; name = XCTest.framework; path = Library/Frameworks/XCTest.framework; sourceTree = DEVELOPER_DIR; };
		D2203EBC1A1E073800679EBC /* MemoHisyoTests-Info.plist */ = {isa = PBXFileReference; lastKnownFileType = text.plist.xml; path = "MemoHisyoTests-Info.plist"; sourceTree = "<group>"; };
		D2203EBE1A1E073800679EBC /* en */ = {isa = PBXFileReference; lastKnownFileType = text.plist.strings; name = en; path = en.lproj/InfoPlist.strings; sourceTree = "<group>"; };
		D2203EC01A1E073800679EBC /* MemoHisyoTests.m */ = {isa = PBXFileReference; lastKnownFileType = sourcecode.c.objc; path = MemoHisyoTests.m; sourceTree = "<group>"; };
		D26AE4961A2741000032A2FA /* CalendarView.h */ = {isa = PBXFileReference; fileEncoding = 4; lastKnownFileType = sourcecode.c.h; path = CalendarView.h; sourceTree = "<group>"; };
		D26AE4971A2741000032A2FA /* CalendarView.m */ = {isa = PBXFileReference; fileEncoding = 4; lastKnownFileType = sourcecode.c.objc; path = CalendarView.m; sourceTree = "<group>"; };
		D26AE4991A27414B0032A2FA /* CalenderViewController.h */ = {isa = PBXFileReference; fileEncoding = 4; lastKnownFileType = sourcecode.c.h; path = CalenderViewController.h; sourceTree = "<group>"; };
		D26AE49A1A27414B0032A2FA /* CalenderViewController.m */ = {isa = PBXFileReference; fileEncoding = 4; lastKnownFileType = sourcecode.c.objc; path = CalenderViewController.m; sourceTree = "<group>"; };
/* End PBXFileReference section */

/* Begin PBXFrameworksBuildPhase section */
		D2203E8F1A1E073800679EBC /* Frameworks */ = {
			isa = PBXFrameworksBuildPhase;
			buildActionMask = 2147483647;
			files = (
				D2203E981A1E073800679EBC /* CoreGraphics.framework in Frameworks */,
				D2203E9A1A1E073800679EBC /* UIKit.framework in Frameworks */,
				D2203E961A1E073800679EBC /* Foundation.framework in Frameworks */,
			);
			runOnlyForDeploymentPostprocessing = 0;
		};
		D2203EB01A1E073800679EBC /* Frameworks */ = {
			isa = PBXFrameworksBuildPhase;
			buildActionMask = 2147483647;
			files = (
				D2203EB51A1E073800679EBC /* XCTest.framework in Frameworks */,
				D2203EB71A1E073800679EBC /* UIKit.framework in Frameworks */,
				D2203EB61A1E073800679EBC /* Foundation.framework in Frameworks */,
			);
			runOnlyForDeploymentPostprocessing = 0;
		};
/* End PBXFrameworksBuildPhase section */

/* Begin PBXGroup section */
		D2203E891A1E073800679EBC = {
			isa = PBXGroup;
			children = (
				D2203E9B1A1E073800679EBC /* MemoHisyo */,
				D2203EBA1A1E073800679EBC /* MemoHisyoTests */,
				D2203E941A1E073800679EBC /* Frameworks */,
				D2203E931A1E073800679EBC /* Products */,
			);
			sourceTree = "<group>";
		};
		D2203E931A1E073800679EBC /* Products */ = {
			isa = PBXGroup;
			children = (
				D2203E921A1E073800679EBC /* MemoHisyo.app */,
				D2203EB31A1E073800679EBC /* MemoHisyoTests.xctest */,
			);
			name = Products;
			sourceTree = "<group>";
		};
		D2203E941A1E073800679EBC /* Frameworks */ = {
			isa = PBXGroup;
			children = (
				D2203E951A1E073800679EBC /* Foundation.framework */,
				D2203E971A1E073800679EBC /* CoreGraphics.framework */,
				D2203E991A1E073800679EBC /* UIKit.framework */,
				D2203EB41A1E073800679EBC /* XCTest.framework */,
			);
			name = Frameworks;
			sourceTree = "<group>";
		};
		D2203E9B1A1E073800679EBC /* MemoHisyo */ = {
			isa = PBXGroup;
			children = (
				D2203EA41A1E073800679EBC /* AppDelegate.h */,
				D2203EA51A1E073800679EBC /* AppDelegate.m */,
				D2203EA71A1E073800679EBC /* Main.storyboard */,
				D26AE4961A2741000032A2FA /* CalendarView.h */,
				D26AE4971A2741000032A2FA /* CalendarView.m */,
				D2203EAA1A1E073800679EBC /* ViewController.h */,
				D2203EAB1A1E073800679EBC /* ViewController.m */,
				D26AE4991A27414B0032A2FA /* CalenderViewController.h */,
				D26AE49A1A27414B0032A2FA /* CalenderViewController.m */,
				D2203EAD1A1E073800679EBC /* Images.xcassets */,
				D2203E9C1A1E073800679EBC /* Supporting Files */,
			);
			path = MemoHisyo;
			sourceTree = "<group>";
		};
		D2203E9C1A1E073800679EBC /* Supporting Files */ = {
			isa = PBXGroup;
			children = (
				D2203E9D1A1E073800679EBC /* MemoHisyo-Info.plist */,
				D2203E9E1A1E073800679EBC /* InfoPlist.strings */,
				D2203EA11A1E073800679EBC /* main.m */,
				D2203EA31A1E073800679EBC /* MemoHisyo-Prefix.pch */,
			);
			name = "Supporting Files";
			sourceTree = "<group>";
		};
		D2203EBA1A1E073800679EBC /* MemoHisyoTests */ = {
			isa = PBXGroup;
			children = (
				D2203EC01A1E073800679EBC /* MemoHisyoTests.m */,
				D2203EBB1A1E073800679EBC /* Supporting Files */,
			);
			path = MemoHisyoTests;
			sourceTree = "<group>";
		};
		D2203EBB1A1E073800679EBC /* Supporting Files */ = {
			isa = PBXGroup;
			children = (
				D2203EBC1A1E073800679EBC /* MemoHisyoTests-Info.plist */,
				D2203EBD1A1E073800679EBC /* InfoPlist.strings */,
			);
			name = "Supporting Files";
			sourceTree = "<group>";
		};
/* End PBXGroup section */

/* Begin PBXNativeTarget section */
		D2203E911A1E073800679EBC /* MemoHisyo */ = {
			isa = PBXNativeTarget;
			buildConfigurationList = D2203EC41A1E073800679EBC /* Build configuration list for PBXNativeTarget "MemoHisyo" */;
			buildPhases = (
				D2203E8E1A1E073800679EBC /* Sources */,
				D2203E8F1A1E073800679EBC /* Frameworks */,
				D2203E901A1E073800679EBC /* Resources */,
			);
			buildRules = (
			);
			dependencies = (
			);
			name = MemoHisyo;
			productName = MemoHisyo;
			productReference = D2203E921A1E073800679EBC /* MemoHisyo.app */;
			productType = "com.apple.product-type.application";
		};
		D2203EB21A1E073800679EBC /* MemoHisyoTests */ = {
			isa = PBXNativeTarget;
			buildConfigurationList = D2203EC71A1E073800679EBC /* Build configuration list for PBXNativeTarget "MemoHisyoTests" */;
			buildPhases = (
				D2203EAF1A1E073800679EBC /* Sources */,
				D2203EB01A1E073800679EBC /* Frameworks */,
				D2203EB11A1E073800679EBC /* Resources */,
			);
			buildRules = (
			);
			dependencies = (
				D2203EB91A1E073800679EBC /* PBXTargetDependency */,
			);
			name = MemoHisyoTests;
			productName = MemoHisyoTests;
			productReference = D2203EB31A1E073800679EBC /* MemoHisyoTests.xctest */;
			productType = "com.apple.product-type.bundle.unit-test";
		};
/* End PBXNativeTarget section */

/* Begin PBXProject section */
		D2203E8A1A1E073800679EBC /* Project object */ = {
			isa = PBXProject;
			attributes = {
				LastUpgradeCheck = 0510;
				ORGANIZATIONNAME = "田所　龍";
				TargetAttributes = {
					D2203EB21A1E073800679EBC = {
						TestTargetID = D2203E911A1E073800679EBC;
					};
				};
			};
			buildConfigurationList = D2203E8D1A1E073800679EBC /* Build configuration list for PBXProject "MemoHisyo" */;
			compatibilityVersion = "Xcode 3.2";
			developmentRegion = English;
			hasScannedForEncodings = 0;
			knownRegions = (
				en,
				Base,
			);
			mainGroup = D2203E891A1E073800679EBC;
			productRefGroup = D2203E931A1E073800679EBC /* Products */;
			projectDirPath = "";
			projectRoot = "";
			targets = (
				D2203E911A1E073800679EBC /* MemoHisyo */,
				D2203EB21A1E073800679EBC /* MemoHisyoTests */,
			);
		};
/* End PBXProject section */

/* Begin PBXResourcesBuildPhase section */
		D2203E901A1E073800679EBC /* Resources */ = {
			isa = PBXResourcesBuildPhase;
			buildActionMask = 2147483647;
			files = (
				D2203EAE1A1E073800679EBC /* Images.xcassets in Resources */,
				D2203EA01A1E073800679EBC /* InfoPlist.strings in Resources */,
				D2203EA91A1E073800679EBC /* Main.storyboard in Resources */,
			);
			runOnlyForDeploymentPostprocessing = 0;
		};
		D2203EB11A1E073800679EBC /* Resources */ = {
			isa = PBXResourcesBuildPhase;
			buildActionMask = 2147483647;
			files = (
				D2203EBF1A1E073800679EBC /* InfoPlist.strings in Resources */,
			);
			runOnlyForDeploymentPostprocessing = 0;
		};
/* End PBXResourcesBuildPhase section */

/* Begin PBXSourcesBuildPhase section */
		D2203E8E1A1E073800679EBC /* Sources */ = {
			isa = PBXSourcesBuildPhase;
			buildActionMask = 2147483647;
			files = (
				D26AE49B1A27414B0032A2FA /* CalenderViewController.m in Sources */,
				D2203EAC1A1E073800679EBC /* ViewController.m in Sources */,
				D2203EA61A1E073800679EBC /* AppDelegate.m in Sources */,
				D2203EA21A1E073800679EBC /* main.m in Sources */,
				D26AE4981A2741000032A2FA /* CalendarView.m in Sources */,
			);
			runOnlyForDeploymentPostprocessing = 0;
		};
		D2203EAF1A1E073800679EBC /* Sources */ = {
			isa = PBXSourcesBuildPhase;
			buildActionMask = 2147483647;
			files = (
				D2203EC11A1E073800679EBC /* MemoHisyoTests.m in Sources */,
			);
			runOnlyForDeploymentPostprocessing = 0;
		};
/* End PBXSourcesBuildPhase section */

/* Begin PBXTargetDependency section */
		D2203EB91A1E073800679EBC /* PBXTargetDependency */ = {
			isa = PBXTargetDependency;
			target = D2203E911A1E073800679EBC /* MemoHisyo */;
			targetProxy = D2203EB81A1E073800679EBC /* PBXContainerItemProxy */;
		};
/* End PBXTargetDependency section */

/* Begin PBXVariantGroup section */
		D2203E9E1A1E073800679EBC /* InfoPlist.strings */ = {
			isa = PBXVariantGroup;
			children = (
				D2203E9F1A1E073800679EBC /* en */,
			);
			name = InfoPlist.strings;
			sourceTree = "<group>";
		};
		D2203EA71A1E073800679EBC /* Main.storyboard */ = {
			isa = PBXVariantGroup;
			children = (
				D2203EA81A1E073800679EBC /* Base */,
			);
			name = Main.storyboard;
			sourceTree = "<group>";
		};
		D2203EBD1A1E073800679EBC /* InfoPlist.strings */ = {
			isa = PBXVariantGroup;
			children = (
				D2203EBE1A1E073800679EBC /* en */,
			);
			name = InfoPlist.strings;
			sourceTree = "<group>";
		};
/* End PBXVariantGroup section */

/* Begin XCBuildConfiguration section */
		D2203EC21A1E073800679EBC /* Debug */ = {
			isa = XCBuildConfiguration;
			buildSettings = {
				ALWAYS_SEARCH_USER_PATHS = NO;
				CLANG_CXX_LANGUAGE_STANDARD = "gnu++0x";
				CLANG_CXX_LIBRARY = "libc++";
				CLANG_ENABLE_MODULES = YES;
				CLANG_ENABLE_OBJC_ARC = YES;
				CLANG_WARN_BOOL_CONVERSION = YES;
				CLANG_WARN_CONSTANT_CONVERSION = YES;
				CLANG_WARN_DIRECT_OBJC_ISA_USAGE = YES_ERROR;
				CLANG_WARN_EMPTY_BODY = YES;
				CLANG_WARN_ENUM_CONVERSION = YES;
				CLANG_WARN_INT_CONVERSION = YES;
				CLANG_WARN_OBJC_ROOT_CLASS = YES_ERROR;
				CLANG_WARN__DUPLICATE_METHOD_MATCH = YES;
				"CODE_SIGN_IDENTITY[sdk=iphoneos*]" = "iPhone Developer";
				COPY_PHASE_STRIP = NO;
				GCC_C_LANGUAGE_STANDARD = gnu99;
				GCC_DYNAMIC_NO_PIC = NO;
				GCC_OPTIMIZATION_LEVEL = 0;
				GCC_PREPROCESSOR_DEFINITIONS = (
					"DEBUG=1",
					"$(inherited)",
				);
				GCC_SYMBOLS_PRIVATE_EXTERN = NO;
				GCC_WARN_64_TO_32_BIT_CONVERSION = YES;
				GCC_WARN_ABOUT_RETURN_TYPE = YES_ERROR;
				GCC_WARN_UNDECLARED_SELECTOR = YES;
				GCC_WARN_UNINITIALIZED_AUTOS = YES_AGGRESSIVE;
				GCC_WARN_UNUSED_FUNCTION = YES;
				GCC_WARN_UNUSED_VARIABLE = YES;
				IPHONEOS_DEPLOYMENT_TARGET = 7.1;
				ONLY_ACTIVE_ARCH = YES;
				SDKROOT = iphoneos;
			};
			name = Debug;
		};
		D2203EC31A1E073800679EBC /* Release */ = {
			isa = XCBuildConfiguration;
			buildSettings = {
				ALWAYS_SEARCH_USER_PATHS = NO;
				CLANG_CXX_LANGUAGE_STANDARD = "gnu++0x";
				CLANG_CXX_LIBRARY = "libc++";
				CLANG_ENABLE_MODULES = YES;
				CLANG_ENABLE_OBJC_ARC = YES;
				CLANG_WARN_BOOL_CONVERSION = YES;
				CLANG_WARN_CONSTANT_CONVERSION = YES;
				CLANG_WARN_DIRECT_OBJC_ISA_USAGE = YES_ERROR;
				CLANG_WARN_EMPTY_BODY = YES;
				CLANG_WARN_ENUM_CONVERSION = YES;
				CLANG_WARN_INT_CONVERSION = YES;
				CLANG_WARN_OBJC_ROOT_CLASS = YES_ERROR;
				CLANG_WARN__DUPLICATE_METHOD_MATCH = YES;
				"CODE_SIGN_IDENTITY[sdk=iphoneos*]" = "iPhone Developer";
				COPY_PHASE_STRIP = YES;
				ENABLE_NS_ASSERTIONS = NO;
				GCC_C_LANGUAGE_STANDARD = gnu99;
				GCC_WARN_64_TO_32_BIT_CONVERSION = YES;
				GCC_WARN_ABOUT_RETURN_TYPE = YES_ERROR;
				GCC_WARN_UNDECLARED_SELECTOR = YES;
				GCC_WARN_UNINITIALIZED_AUTOS = YES_AGGRESSIVE;
				GCC_WARN_UNUSED_FUNCTION = YES;
				GCC_WARN_UNUSED_VARIABLE = YES;
				IPHONEOS_DEPLOYMENT_TARGET = 7.1;
				SDKROOT = iphoneos;
				VALIDATE_PRODUCT = YES;
			};
			name = Release;
		};
		D2203EC51A1E073800679EBC /* Debug */ = {
			isa = XCBuildConfiguration;
			buildSettings = {
				ASSETCATALOG_COMPILER_APPICON_NAME = AppIcon;
				ASSETCATALOG_COMPILER_LAUNCHIMAGE_NAME = LaunchImage;
				GCC_PRECOMPILE_PREFIX_HEADER = YES;
				GCC_PREFIX_HEADER = "MemoHisyo/MemoHisyo-Prefix.pch";
				INFOPLIST_FILE = "MemoHisyo/MemoHisyo-Info.plist";
				PRODUCT_NAME = "$(TARGET_NAME)";
				WRAPPER_EXTENSION = app;
			};
			name = Debug;
		};
		D2203EC61A1E073800679EBC /* Release */ = {
			isa = XCBuildConfiguration;
			buildSettings = {
				ASSETCATALOG_COMPILER_APPICON_NAME = AppIcon;
				ASSETCATALOG_COMPILER_LAUNCHIMAGE_NAME = LaunchImage;
				GCC_PRECOMPILE_PREFIX_HEADER = YES;
				GCC_PREFIX_HEADER = "MemoHisyo/MemoHisyo-Prefix.pch";
				INFOPLIST_FILE = "MemoHisyo/MemoHisyo-Info.plist";
				PRODUCT_NAME = "$(TARGET_NAME)";
				WRAPPER_EXTENSION = app;
			};
			name = Release;
		};
		D2203EC81A1E073800679EBC /* Debug */ = {
			isa = XCBuildConfiguration;
			buildSettings = {
				BUNDLE_LOADER = "$(BUILT_PRODUCTS_DIR)/MemoHisyo.app/MemoHisyo";
				FRAMEWORK_SEARCH_PATHS = (
					"$(SDKROOT)/Developer/Library/Frameworks",
					"$(inherited)",
					"$(DEVELOPER_FRAMEWORKS_DIR)",
				);
				GCC_PRECOMPILE_PREFIX_HEADER = YES;
				GCC_PREFIX_HEADER = "MemoHisyo/MemoHisyo-Prefix.pch";
				GCC_PREPROCESSOR_DEFINITIONS = (
					"DEBUG=1",
					"$(inherited)",
				);
				INFOPLIST_FILE = "MemoHisyoTests/MemoHisyoTests-Info.plist";
				PRODUCT_NAME = "$(TARGET_NAME)";
				TEST_HOST = "$(BUNDLE_LOADER)";
				WRAPPER_EXTENSION = xctest;
			};
			name = Debug;
		};
		D2203EC91A1E073800679EBC /* Release */ = {
			isa = XCBuildConfiguration;
			buildSettings = {
				BUNDLE_LOADER = "$(BUILT_PRODUCTS_DIR)/MemoHisyo.app/MemoHisyo";
				FRAMEWORK_SEARCH_PATHS = (
					"$(SDKROOT)/Developer/Library/Frameworks",
					"$(inherited)",
					"$(DEVELOPER_FRAMEWORKS_DIR)",
				);
				GCC_PRECOMPILE_PREFIX_HEADER = YES;
				GCC_PREFIX_HEADER = "MemoHisyo/MemoHisyo-Prefix.pch";
				INFOPLIST_FILE = "MemoHisyoTests/MemoHisyoTests-Info.plist";
				PRODUCT_NAME = "$(TARGET_NAME)";
				TEST_HOST = "$(BUNDLE_LOADER)";
				WRAPPER_EXTENSION = xctest;
			};
			name = Release;
		};
/* End XCBuildConfiguration section */

/* Begin XCConfigurationList section */
		D2203E8D1A1E073800679EBC /* Build configuration list for PBXProject "MemoHisyo" */ = {
			isa = XCConfigurationList;
			buildConfigurations = (
				D2203EC21A1E073800679EBC /* Debug */,
				D2203EC31A1E073800679EBC /* Release */,
			);
			defaultConfigurationIsVisible = 0;
			defaultConfigurationName = Release;
		};
		D2203EC41A1E073800679EBC /* Build configuration list for PBXNativeTarget "MemoHisyo" */ = {
			isa = XCConfigurationList;
			buildConfigurations = (
				D2203EC51A1E073800679EBC /* Debug */,
				D2203EC61A1E073800679EBC /* Release */,
			);
			defaultConfigurationIsVisible = 0;
			defaultConfigurationName = Release;
		};
		D2203EC71A1E073800679EBC /* Build configuration list for PBXNativeTarget "MemoHisyoTests" */ = {
			isa = XCConfigurationList;
			buildConfigurations = (
				D2203EC81A1E073800679EBC /* Debug */,
				D2203EC91A1E073800679EBC /* Release */,
			);
			defaultConfigurationIsVisible = 0;
			defaultConfigurationName = Release;
		};
/* End XCConfigurationList section */
	};
	rootObject = D2203E8A1A1E073800679EBC /* Project object */;
}
